
Microsoft Visual Studio Solution File, Format Version 12.00
# Visual Studio Version 16
VisualStudioVersion = 16.0.32002.261
MinimumVisualStudioVersion = 10.0.40219.1
Project("{FAE04EC0-301F-11D3-BF4B-00C04F79EFBC}") = "BuildingCostEstimation", "WindowsFormsApp1\BuildingCostEstimation.csproj", "{70096C2C-9F01-4DF9-946C-354F82CB13B3}"
EndProject
Global
	GlobalSection(SolutionConfigurationPlatforms) = preSolution
		Debug|Any CPU = Debug|Any CPU
		Release|Any CPU = Release|Any CPU
	EndGlobalSection
	GlobalSection(ProjectConfigurationPlatforms) = postSolution
		{70096C2C-9F01-4DF9-946C-354F82CB13B3}.Debug|Any CPU.ActiveCfg = Debug|Any CPU
		{70096C2C-9F01-4DF9-946C-354F82CB13B3}.Debug|Any CPU.Build.0 = Debug|Any CPU
		{70096C2C-9F01-4DF9-946C-354F82CB13B3}.Release|Any CPU.ActiveCfg = Release|Any CPU
		{70096C2C-9F01-4DF9-946C-354F82CB13B3}.Release|Any CPU.Build.0 = Release|Any CPU
	EndGlobalSection
	GlobalSection(SolutionProperties) = preSolution
		HideSolutionNode = FALSE
	EndGlobalSection
	GlobalSection(ExtensibilityGlobals) = postSolution
		SolutionGuid = {46BEB313-B60D-4828-A3DA-AA87D2D19ED1}
	EndGlobalSection
EndGlobal
